
Microsoft Visual Studio Solution File, Format Version 12.00
# Visual Studio Version 16
VisualStudioVersion = 16.0.32228.343
MinimumVisualStudioVersion = 10.0.40219.1
Project("{FAE04EC0-301F-11D3-BF4B-00C04F79EFBC}") = "SabianSymbols", "SabianSymbols\SabianSymbols.csproj", "{98182725-51C2-4531-9078-26FCB0E32DE2}"
EndProject
Global
	GlobalSection(SolutionConfigurationPlatforms) = preSolution
		Debug|Any CPU = Debug|Any CPU
		Release|Any CPU = Release|Any CPU
	EndGlobalSection
	GlobalSection(ProjectConfigurationPlatforms) = postSolution
		{98182725-51C2-4531-9078-26FCB0E32DE2}.Debug|Any CPU.ActiveCfg = Debug|Any CPU
		{98182725-51C2-4531-9078-26FCB0E32DE2}.Debug|Any CPU.Build.0 = Debug|Any CPU
		{98182725-51C2-4531-9078-26FCB0E32DE2}.Release|Any CPU.ActiveCfg = Release|Any CPU
		{98182725-51C2-4531-9078-26FCB0E32DE2}.Release|Any CPU.Build.0 = Release|Any CPU
	EndGlobalSection
	GlobalSection(SolutionProperties) = preSolution
		HideSolutionNode = FALSE
	EndGlobalSection
	GlobalSection(ExtensibilityGlobals) = postSolution
		SolutionGuid = {8524DBA2-32A2-4E74-B18F-80D080028CA4}
	EndGlobalSection
EndGlobal
